
Microsoft Visual Studio Solution File, Format Version 12.00
# Visual Studio Version 16
VisualStudioVersion = 16.0.29418.71
MinimumVisualStudioVersion = 10.0.40219.1
Project("{FAE04EC0-301F-11D3-BF4B-00C04F79EFBC}") = "wolfread", "wolfread.csproj", "{AF99638C-07CD-47E7-9AAB-C3B18D88A69D}"
EndProject
Global
	GlobalSection(SolutionConfigurationPlatforms) = preSolution
		Debug|Any CPU = Debug|Any CPU
		Debug|x64 = Debug|x64
		Debug|x86 = Debug|x86
		Release|Any CPU = Release|Any CPU
		Release|x64 = Release|x64
		Release|x86 = Release|x86
	EndGlobalSection
	GlobalSection(ProjectConfigurationPlatforms) = postSolution
		{AF99638C-07CD-47E7-9AAB-C3B18D88A69D}.Debug|Any CPU.ActiveCfg = Debug|Any CPU
		{AF99638C-07CD-47E7-9AAB-C3B18D88A69D}.Debug|Any CPU.Build.0 = Debug|Any CPU
		{AF99638C-07CD-47E7-9AAB-C3B18D88A69D}.Debug|x64.ActiveCfg = Debug|Any CPU
		{AF99638C-07CD-47E7-9AAB-C3B18D88A69D}.Debug|x64.Build.0 = Debug|Any CPU
		{AF99638C-07CD-47E7-9AAB-C3B18D88A69D}.Debug|x86.ActiveCfg = Debug|Any CPU
		{AF99638C-07CD-47E7-9AAB-C3B18D88A69D}.Debug|x86.Build.0 = Debug|Any CPU
		{AF99638C-07CD-47E7-9AAB-C3B18D88A69D}.Release|Any CPU.ActiveCfg = Release|Any CPU
		{AF99638C-07CD-47E7-9AAB-C3B18D88A69D}.Release|Any CPU.Build.0 = Release|Any CPU
		{AF99638C-07CD-47E7-9AAB-C3B18D88A69D}.Release|x64.ActiveCfg = Release|Any CPU
		{AF99638C-07CD-47E7-9AAB-C3B18D88A69D}.Release|x64.Build.0 = Release|Any CPU
		{AF99638C-07CD-47E7-9AAB-C3B18D88A69D}.Release|x86.ActiveCfg = Release|Any CPU
		{AF99638C-07CD-47E7-9AAB-C3B18D88A69D}.Release|x86.Build.0 = Release|Any CPU
	EndGlobalSection
	GlobalSection(SolutionProperties) = preSolution
		HideSolutionNode = FALSE
	EndGlobalSection
	GlobalSection(ExtensibilityGlobals) = postSolution
		SolutionGuid = {C99879F6-D07B-46AF-ADF1-BB585B242EDE}
	EndGlobalSection
EndGlobal
